
Microsoft Visual Studio Solution File, Format Version 12.00
# Visual Studio Version 17
VisualStudioVersion = 17.3.32929.385
MinimumVisualStudioVersion = 10.0.40219.1
Project("{FAE04EC0-301F-11D3-BF4B-00C04F79EFBC}") = "Gerador de Senha", "Gerador de Senha.csproj", "{EEA5411D-2095-46BE-AABC-5A6005821744}"
EndProject
Global
	GlobalSection(SolutionConfigurationPlatforms) = preSolution
		Debug|Any CPU = Debug|Any CPU
		Release|Any CPU = Release|Any CPU
	EndGlobalSection
	GlobalSection(ProjectConfigurationPlatforms) = postSolution
		{EEA5411D-2095-46BE-AABC-5A6005821744}.Debug|Any CPU.ActiveCfg = Debug|Any CPU
		{EEA5411D-2095-46BE-AABC-5A6005821744}.Debug|Any CPU.Build.0 = Debug|Any CPU
		{EEA5411D-2095-46BE-AABC-5A6005821744}.Release|Any CPU.ActiveCfg = Release|Any CPU
		{EEA5411D-2095-46BE-AABC-5A6005821744}.Release|Any CPU.Build.0 = Release|Any CPU
	EndGlobalSection
	GlobalSection(SolutionProperties) = preSolution
		HideSolutionNode = FALSE
	EndGlobalSection
	GlobalSection(ExtensibilityGlobals) = postSolution
		SolutionGuid = {5A68BAE5-1DC9-49B2-8917-ECA794735752}
	EndGlobalSection
EndGlobal
